// !$*UTF8*$!
{
	archiveVersion = 1;
	classes = {
	};
	objectVersion = 77;
	objects = {

/* Begin PBXBuildFile section */
		7310D22D2EC3047700558361 /* Assets.xcassets in Resources */ = {isa = PBXBuildFile; fileRef = 7310D2292EC3047700558361 /* Assets.xcassets */; };
		7310D22F2EC3047700558361 /* GenericAPIManagerApp.swift in Sources */ = {isa = PBXBuildFile; fileRef = 7310D22B2EC3047700558361 /* GenericAPIManagerApp.swift */; };
		7310D2332EC306D700558361 /* APIManager.swift in Sources */ = {isa = PBXBuildFile; fileRef = 7310D2322EC306D100558361 /* APIManager.swift */; };
		7310D2362EC3114600558361 /* AppConstant.swift in Sources */ = {isa = PBXBuildFile; fileRef = 7310D2352EC3114100558361 /* AppConstant.swift */; };
		7310D2382EC3116A00558361 /* Enums.swift in Sources */ = {isa = PBXBuildFile; fileRef = 7310D2372EC3116700558361 /* Enums.swift */; };
		7310D23E2EC311D800558361 /* HomeModel.swift in Sources */ = {isa = PBXBuildFile; fileRef = 7310D23D2EC311D400558361 /* HomeModel.swift */; };
		7310D2422EC3123C00558361 /* HomeView.swift in Sources */ = {isa = PBXBuildFile; fileRef = 7310D2412EC3123C00558361 /* HomeView.swift */; };
		7310D2452EC3127000558361 /* HomeViewModel.swift in Sources */ = {isa = PBXBuildFile; fileRef = 7310D2442EC3126B00558361 /* HomeViewModel.swift */; };
/* End PBXBuildFile section */

/* Begin PBXFileReference section */
		7310D21B2EC303E900558361 /* GenericAPIManager.app */ = {isa = PBXFileReference; explicitFileType = wrapper.application; includeInIndex = 0; path = GenericAPIManager.app; sourceTree = BUILT_PRODUCTS_DIR; };
		7310D2292EC3047700558361 /* Assets.xcassets */ = {isa = PBXFileReference; lastKnownFileType = folder.assetcatalog; path = Assets.xcassets; sourceTree = "<group>"; };
		7310D22B2EC3047700558361 /* GenericAPIManagerApp.swift */ = {isa = PBXFileReference; lastKnownFileType = sourcecode.swift; path = GenericAPIManagerApp.swift; sourceTree = "<group>"; };
		7310D2322EC306D100558361 /* APIManager.swift */ = {isa = PBXFileReference; lastKnownFileType = sourcecode.swift; path = APIManager.swift; sourceTree = "<group>"; };
		7310D2352EC3114100558361 /* AppConstant.swift */ = {isa = PBXFileReference; lastKnownFileType = sourcecode.swift; path = AppConstant.swift; sourceTree = "<group>"; };
		7310D2372EC3116700558361 /* Enums.swift */ = {isa = PBXFileReference; lastKnownFileType = sourcecode.swift; path = Enums.swift; sourceTree = "<group>"; };
		7310D23D2EC311D400558361 /* HomeModel.swift */ = {isa = PBXFileReference; lastKnownFileType = sourcecode.swift; path = HomeModel.swift; sourceTree = "<group>"; };
		7310D2412EC3123C00558361 /* HomeView.swift */ = {isa = PBXFileReference; lastKnownFileType = sourcecode.swift; path = HomeView.swift; sourceTree = "<group>"; };
		7310D2442EC3126B00558361 /* HomeViewModel.swift */ = {isa = PBXFileReference; lastKnownFileType = sourcecode.swift; path = HomeViewModel.swift; sourceTree = "<group>"; };
/* End PBXFileReference section */

/* Begin PBXFrameworksBuildPhase section */
		7310D2182EC303E900558361 /* Frameworks */ = {
			isa = PBXFrameworksBuildPhase;
			buildActionMask = 2147483647;
			files = (
			);
			runOnlyForDeploymentPostprocessing = 0;
		};
/* End PBXFrameworksBuildPhase section */

/* Begin PBXGroup section */
		7310D2122EC303E900558361 = {
			isa = PBXGroup;
			children = (
				7310D22C2EC3047700558361 /* GenericAPIManager */,
				7310D21C2EC303E900558361 /* Products */,
			);
			sourceTree = "<group>";
		};
		7310D21C2EC303E900558361 /* Products */ = {
			isa = PBXGroup;
			children = (
				7310D21B2EC303E900558361 /* GenericAPIManager.app */,
			);
			name = Products;
			sourceTree = "<group>";
		};
		7310D22C2EC3047700558361 /* GenericAPIManager */ = {
			isa = PBXGroup;
			children = (
				7310D2432EC3124A00558361 /* App */,
				7310D2342EC3111B00558361 /* Components */,
				7310D2302EC306AB00558361 /* SupportManager */,
				7310D2392EC311A900558361 /* Home */,
				7310D2292EC3047700558361 /* Assets.xcassets */,
			);
			path = GenericAPIManager;
			sourceTree = "<group>";
		};
		7310D2302EC306AB00558361 /* SupportManager */ = {
			isa = PBXGroup;
			children = (
				7310D2312EC306BA00558361 /* APIManager */,
			);
			path = SupportManager;
			sourceTree = "<group>";
		};
		7310D2312EC306BA00558361 /* APIManager */ = {
			isa = PBXGroup;
			children = (
				7310D2322EC306D100558361 /* APIManager.swift */,
			);
			path = APIManager;
			sourceTree = "<group>";
		};
		7310D2342EC3111B00558361 /* Components */ = {
			isa = PBXGroup;
			children = (
				7310D2352EC3114100558361 /* AppConstant.swift */,
				7310D2372EC3116700558361 /* Enums.swift */,
			);
			path = Components;
			sourceTree = "<group>";
		};
		7310D2392EC311A900558361 /* Home */ = {
			isa = PBXGroup;
			children = (
				7310D23A2EC311B300558361 /* Model */,
				7310D23B2EC311B900558361 /* ViewModel */,
				7310D23C2EC311C200558361 /* View */,
			);
			path = Home;
			sourceTree = "<group>";
		};
		7310D23A2EC311B300558361 /* Model */ = {
			isa = PBXGroup;
			children = (
				7310D23D2EC311D400558361 /* HomeModel.swift */,
			);
			path = Model;
			sourceTree = "<group>";
		};
		7310D23B2EC311B900558361 /* ViewModel */ = {
			isa = PBXGroup;
			children = (
				7310D2442EC3126B00558361 /* HomeViewModel.swift */,
			);
			path = ViewModel;
			sourceTree = "<group>";
		};
		7310D23C2EC311C200558361 /* View */ = {
			isa = PBXGroup;
			children = (
				7310D2412EC3123C00558361 /* HomeView.swift */,
			);
			path = View;
			sourceTree = "<group>";
		};
		7310D2432EC3124A00558361 /* App */ = {
			isa = PBXGroup;
			children = (
				7310D22B2EC3047700558361 /* GenericAPIManagerApp.swift */,
			);
			path = App;
			sourceTree = "<group>";
		};
/* End PBXGroup section */

/* Begin PBXNativeTarget section */
		7310D21A2EC303E900558361 /* GenericAPIManager */ = {
			isa = PBXNativeTarget;
			buildConfigurationList = 7310D2262EC303EB00558361 /* Build configuration list for PBXNativeTarget "GenericAPIManager" */;
			buildPhases = (
				7310D2172EC303E900558361 /* Sources */,
				7310D2182EC303E900558361 /* Frameworks */,
				7310D2192EC303E900558361 /* Resources */,
			);
			buildRules = (
			);
			dependencies = (
			);
			name = GenericAPIManager;
			packageProductDependencies = (
			);
			productName = GenericAPIManager;
			productReference = 7310D21B2EC303E900558361 /* GenericAPIManager.app */;
			productType = "com.apple.product-type.application";
		};
/* End PBXNativeTarget section */

/* Begin PBXProject section */
		7310D2132EC303E900558361 /* Project object */ = {
			isa = PBXProject;
			attributes = {
				BuildIndependentTargetsInParallel = 1;
				LastSwiftUpdateCheck = 2600;
				LastUpgradeCheck = 2600;
				TargetAttributes = {
					7310D21A2EC303E900558361 = {
						CreatedOnToolsVersion = 26.0;
					};
				};
			};
			buildConfigurationList = 7310D2162EC303E900558361 /* Build configuration list for PBXProject "GenericAPIManager" */;
			developmentRegion = en;
			hasScannedForEncodings = 0;
			knownRegions = (
				en,
				Base,
			);
			mainGroup = 7310D2122EC303E900558361;
			minimizedProjectReferenceProxies = 1;
			preferredProjectObjectVersion = 77;
			productRefGroup = 7310D21C2EC303E900558361 /* Products */;
			projectDirPath = "";
			projectRoot = "";
			targets = (
				7310D21A2EC303E900558361 /* GenericAPIManager */,
			);
		};
/* End PBXProject section */

/* Begin PBXResourcesBuildPhase section */
		7310D2192EC303E900558361 /* Resources */ = {
			isa = PBXResourcesBuildPhase;
			buildActionMask = 2147483647;
			files = (
				7310D22D2EC3047700558361 /* Assets.xcassets in Resources */,
			);
			runOnlyForDeploymentPostprocessing = 0;
		};
/* End PBXResourcesBuildPhase section */

/* Begin PBXSourcesBuildPhase section */
		7310D2172EC303E900558361 /* Sources */ = {
			isa = PBXSourcesBuildPhase;
			buildActionMask = 2147483647;
			files = (
				7310D2332EC306D700558361 /* APIManager.swift in Sources */,
				7310D2422EC3123C00558361 /* HomeView.swift in Sources */,
				7310D2452EC3127000558361 /* HomeViewModel.swift in Sources */,
				7310D23E2EC311D800558361 /* HomeModel.swift in Sources */,
				7310D2382EC3116A00558361 /* Enums.swift in Sources */,
				7310D22F2EC3047700558361 /* GenericAPIManagerApp.swift in Sources */,
				7310D2362EC3114600558361 /* AppConstant.swift in Sources */,
			);
			runOnlyForDeploymentPostprocessing = 0;
		};
/* End PBXSourcesBuildPhase section */

/* Begin XCBuildConfiguration section */
		7310D2242EC303EB00558361 /* Debug */ = {
			isa = XCBuildConfiguration;
			buildSettings = {
				ALWAYS_SEARCH_USER_PATHS = NO;
				ASSETCATALOG_COMPILER_GENERATE_SWIFT_ASSET_SYMBOL_EXTENSIONS = YES;
				CLANG_ANALYZER_NONNULL = YES;
				CLANG_ANALYZER_NUMBER_OBJECT_CONVERSION = YES_AGGRESSIVE;
				CLANG_CXX_LANGUAGE_STANDARD = "gnu++20";
				CLANG_ENABLE_MODULES = YES;
				CLANG_ENABLE_OBJC_ARC = YES;
				CLANG_ENABLE_OBJC_WEAK = YES;
				CLANG_WARN_BLOCK_CAPTURE_AUTORELEASING = YES;
				CLANG_WARN_BOOL_CONVERSION = YES;
				CLANG_WARN_COMMA = YES;
				CLANG_WARN_CONSTANT_CONVERSION = YES;
				CLANG_WARN_DEPRECATED_OBJC_IMPLEMENTATIONS = YES;
				CLANG_WARN_DIRECT_OBJC_ISA_USAGE = YES_ERROR;
				CLANG_WARN_DOCUMENTATION_COMMENTS = YES;
				CLANG_WARN_EMPTY_BODY = YES;
				CLANG_WARN_ENUM_CONVERSION = YES;
				CLANG_WARN_INFINITE_RECURSION = YES;
				CLANG_WARN_INT_CONVERSION = YES;
				CLANG_WARN_NON_LITERAL_NULL_CONVERSION = YES;
				CLANG_WARN_OBJC_IMPLICIT_RETAIN_SELF = YES;
				CLANG_WARN_OBJC_LITERAL_CONVERSION = YES;
				CLANG_WARN_OBJC_ROOT_CLASS = YES_ERROR;
				CLANG_WARN_QUOTED_INCLUDE_IN_FRAMEWORK_HEADER = YES;
				CLANG_WARN_RANGE_LOOP_ANALYSIS = YES;
				CLANG_WARN_STRICT_PROTOTYPES = YES;
				CLANG_WARN_SUSPICIOUS_MOVE = YES;
				CLANG_WARN_UNGUARDED_AVAILABILITY = YES_AGGRESSIVE;
				CLANG_WARN_UNREACHABLE_CODE = YES;
				CLANG_WARN__DUPLICATE_METHOD_MATCH = YES;
				COPY_PHASE_STRIP = NO;
				DEBUG_INFORMATION_FORMAT = dwarf;
				ENABLE_STRICT_OBJC_MSGSEND = YES;
				ENABLE_TESTABILITY = YES;
				ENABLE_USER_SCRIPT_SANDBOXING = YES;
				GCC_C_LANGUAGE_STANDARD = gnu17;
				GCC_DYNAMIC_NO_PIC = NO;
				GCC_NO_COMMON_BLOCKS = YES;
				GCC_OPTIMIZATION_LEVEL = 0;
				GCC_PREPROCESSOR_DEFINITIONS = (
					"DEBUG=1",
					"$(inherited)",
				);
				GCC_WARN_64_TO_32_BIT_CONVERSION = YES;
				GCC_WARN_ABOUT_RETURN_TYPE = YES_ERROR;
				GCC_WARN_UNDECLARED_SELECTOR = YES;
				GCC_WARN_UNINITIALIZED_AUTOS = YES_AGGRESSIVE;
				GCC_WARN_UNUSED_FUNCTION = YES;
				GCC_WARN_UNUSED_VARIABLE = YES;
				IPHONEOS_DEPLOYMENT_TARGET = 26.0;
				LOCALIZATION_PREFERS_STRING_CATALOGS = YES;
				MTL_ENABLE_DEBUG_INFO = INCLUDE_SOURCE;
				MTL_FAST_MATH = YES;
				ONLY_ACTIVE_ARCH = YES;
				SDKROOT = iphoneos;
				SWIFT_ACTIVE_COMPILATION_CONDITIONS = "DEBUG $(inherited)";
				SWIFT_OPTIMIZATION_LEVEL = "-Onone";
			};
			name = Debug;
		};
		7310D2252EC303EB00558361 /* Release */ = {
			isa = XCBuildConfiguration;
			buildSettings = {
				ALWAYS_SEARCH_USER_PATHS = NO;
				ASSETCATALOG_COMPILER_GENERATE_SWIFT_ASSET_SYMBOL_EXTENSIONS = YES;
				CLANG_ANALYZER_NONNULL = YES;
				CLANG_ANALYZER_NUMBER_OBJECT_CONVERSION = YES_AGGRESSIVE;
				CLANG_CXX_LANGUAGE_STANDARD = "gnu++20";
				CLANG_ENABLE_MODULES = YES;
				CLANG_ENABLE_OBJC_ARC = YES;
				CLANG_ENABLE_OBJC_WEAK = YES;
				CLANG_WARN_BLOCK_CAPTURE_AUTORELEASING = YES;
				CLANG_WARN_BOOL_CONVERSION = YES;
				CLANG_WARN_COMMA = YES;
				CLANG_WARN_CONSTANT_CONVERSION = YES;
				CLANG_WARN_DEPRECATED_OBJC_IMPLEMENTATIONS = YES;
				CLANG_WARN_DIRECT_OBJC_ISA_USAGE = YES_ERROR;
				CLANG_WARN_DOCUMENTATION_COMMENTS = YES;
				CLANG_WARN_EMPTY_BODY = YES;
				CLANG_WARN_ENUM_CONVERSION = YES;
				CLANG_WARN_INFINITE_RECURSION = YES;
				CLANG_WARN_INT_CONVERSION = YES;
				CLANG_WARN_NON_LITERAL_NULL_CONVERSION = YES;
				CLANG_WARN_OBJC_IMPLICIT_RETAIN_SELF = YES;
				CLANG_WARN_OBJC_LITERAL_CONVERSION = YES;
				CLANG_WARN_OBJC_ROOT_CLASS = YES_ERROR;
				CLANG_WARN_QUOTED_INCLUDE_IN_FRAMEWORK_HEADER = YES;
				CLANG_WARN_RANGE_LOOP_ANALYSIS = YES;
				CLANG_WARN_STRICT_PROTOTYPES = YES;
				CLANG_WARN_SUSPICIOUS_MOVE = YES;
				CLANG_WARN_UNGUARDED_AVAILABILITY = YES_AGGRESSIVE;
				CLANG_WARN_UNREACHABLE_CODE = YES;
				CLANG_WARN__DUPLICATE_METHOD_MATCH = YES;
				COPY_PHASE_STRIP = NO;
				DEBUG_INFORMATION_FORMAT = "dwarf-with-dsym";
				ENABLE_NS_ASSERTIONS = NO;
				ENABLE_STRICT_OBJC_MSGSEND = YES;
				ENABLE_USER_SCRIPT_SANDBOXING = YES;
				GCC_C_LANGUAGE_STANDARD = gnu17;
				GCC_NO_COMMON_BLOCKS = YES;
				GCC_WARN_64_TO_32_BIT_CONVERSION = YES;
				GCC_WARN_ABOUT_RETURN_TYPE = YES_ERROR;
				GCC_WARN_UNDECLARED_SELECTOR = YES;
				GCC_WARN_UNINITIALIZED_AUTOS = YES_AGGRESSIVE;
				GCC_WARN_UNUSED_FUNCTION = YES;
				GCC_WARN_UNUSED_VARIABLE = YES;
				IPHONEOS_DEPLOYMENT_TARGET = 26.0;
				LOCALIZATION_PREFERS_STRING_CATALOGS = YES;
				MTL_ENABLE_DEBUG_INFO = NO;
				MTL_FAST_MATH = YES;
				SDKROOT = iphoneos;
				SWIFT_COMPILATION_MODE = wholemodule;
				VALIDATE_PRODUCT = YES;
			};
			name = Release;
		};
		7310D2272EC303EB00558361 /* Debug */ = {
			isa = XCBuildConfiguration;
			buildSettings = {
				ASSETCATALOG_COMPILER_APPICON_NAME = AppIcon;
				ASSETCATALOG_COMPILER_GLOBAL_ACCENT_COLOR_NAME = AccentColor;
				CODE_SIGN_STYLE = Automatic;
				CURRENT_PROJECT_VERSION = 1;
				ENABLE_PREVIEWS = YES;
				GENERATE_INFOPLIST_FILE = YES;
				INFOPLIST_KEY_UIApplicationSceneManifest_Generation = YES;
				INFOPLIST_KEY_UIApplicationSupportsIndirectInputEvents = YES;
				INFOPLIST_KEY_UILaunchScreen_Generation = YES;
				INFOPLIST_KEY_UISupportedInterfaceOrientations_iPad = "UIInterfaceOrientationPortrait UIInterfaceOrientationPortraitUpsideDown UIInterfaceOrientationLandscapeLeft UIInterfaceOrientationLandscapeRight";
				INFOPLIST_KEY_UISupportedInterfaceOrientations_iPhone = "UIInterfaceOrientationPortrait UIInterfaceOrientationLandscapeLeft UIInterfaceOrientationLandscapeRight";
				LD_RUNPATH_SEARCH_PATHS = (
					"$(inherited)",
					"@executable_path/Frameworks",
				);
				MARKETING_VERSION = 1.0;
				PRODUCT_BUNDLE_IDENTIFIER = com.GenericAPIManager;
				PRODUCT_NAME = "$(TARGET_NAME)";
				STRING_CATALOG_GENERATE_SYMBOLS = YES;
				SWIFT_APPROACHABLE_CONCURRENCY = YES;
				SWIFT_DEFAULT_ACTOR_ISOLATION = MainActor;
				SWIFT_EMIT_LOC_STRINGS = YES;
				SWIFT_UPCOMING_FEATURE_MEMBER_IMPORT_VISIBILITY = YES;
				SWIFT_VERSION = 5.0;
				TARGETED_DEVICE_FAMILY = "1,2";
			};
			name = Debug;
		};
		7310D2282EC303EB00558361 /* Release */ = {
			isa = XCBuildConfiguration;
			buildSettings = {
				ASSETCATALOG_COMPILER_APPICON_NAME = AppIcon;
				ASSETCATALOG_COMPILER_GLOBAL_ACCENT_COLOR_NAME = AccentColor;
				CODE_SIGN_STYLE = Automatic;
				CURRENT_PROJECT_VERSION = 1;
				ENABLE_PREVIEWS = YES;
				GENERATE_INFOPLIST_FILE = YES;
				INFOPLIST_KEY_UIApplicationSceneManifest_Generation = YES;
				INFOPLIST_KEY_UIApplicationSupportsIndirectInputEvents = YES;
				INFOPLIST_KEY_UILaunchScreen_Generation = YES;
				INFOPLIST_KEY_UISupportedInterfaceOrientations_iPad = "UIInterfaceOrientationPortrait UIInterfaceOrientationPortraitUpsideDown UIInterfaceOrientationLandscapeLeft UIInterfaceOrientationLandscapeRight";
				INFOPLIST_KEY_UISupportedInterfaceOrientations_iPhone = "UIInterfaceOrientationPortrait UIInterfaceOrientationLandscapeLeft UIInterfaceOrientationLandscapeRight";
				LD_RUNPATH_SEARCH_PATHS = (
					"$(inherited)",
					"@executable_path/Frameworks",
				);
				MARKETING_VERSION = 1.0;
				PRODUCT_BUNDLE_IDENTIFIER = com.GenericAPIManager;
				PRODUCT_NAME = "$(TARGET_NAME)";
				STRING_CATALOG_GENERATE_SYMBOLS = YES;
				SWIFT_APPROACHABLE_CONCURRENCY = YES;
				SWIFT_DEFAULT_ACTOR_ISOLATION = MainActor;
				SWIFT_EMIT_LOC_STRINGS = YES;
				SWIFT_UPCOMING_FEATURE_MEMBER_IMPORT_VISIBILITY = YES;
				SWIFT_VERSION = 5.0;
				TARGETED_DEVICE_FAMILY = "1,2";
			};
			name = Release;
		};
/* End XCBuildConfiguration section */

/* Begin XCConfigurationList section */
		7310D2162EC303E900558361 /* Build configuration list for PBXProject "GenericAPIManager" */ = {
			isa = XCConfigurationList;
			buildConfigurations = (
				7310D2242EC303EB00558361 /* Debug */,
				7310D2252EC303EB00558361 /* Release */,
			);
			defaultConfigurationIsVisible = 0;
			defaultConfigurationName = Release;
		};
		7310D2262EC303EB00558361 /* Build configuration list for PBXNativeTarget "GenericAPIManager" */ = {
			isa = XCConfigurationList;
			buildConfigurations = (
				7310D2272EC303EB00558361 /* Debug */,
				7310D2282EC303EB00558361 /* Release */,
			);
			defaultConfigurationIsVisible = 0;
			defaultConfigurationName = Release;
		};
/* End XCConfigurationList section */
	};
	rootObject = 7310D2132EC303E900558361 /* Project object */;
}
